<?xml version="1.0" encoding="utf-8"?>
<Project ToolsVersion="4.0" xmlns="http://schemas.microsoft.com/developer/msbuild/2003">
  <ItemGroup>
    <Filter Include="Source Files">
      <UniqueIdentifier>{4FC737F1-C7A5-4376-A066-2A32D752A2FF}</UniqueIdentifier>
      <Extensions>cpp;c;cc;cxx;def;odl;idl;hpj;bat;asm;asmx</Extensions>
    </Filter>
    <Filter Include="Header Files">
      <UniqueIdentifier>{93995380-89BD-4b04-88EB-625FBE52EBFB}</UniqueIdentifier>
      <Extensions>h;hh;hpp;hxx;hm;inl;inc;xsd</Extensions>
    </Filter>
    <Filter Include="Resource Files">
      <UniqueIdentifier>{67DA6AB6-F800-4c08-8B7A-83BB121AAD01}</UniqueIdentifier>
      <Extensions>rc;ico;cur;bmp;dlg;rc2;rct;bin;rgs;gif;jpg;jpeg;jpe;resx;tiff;tif;png;wav;mfcribbon-ms</Extensions>
    </Filter>
    <Filter Include="glad">
      <UniqueIdentifier>{e9960629-2fdd-4253-bdb7-65833e9dd3db}</UniqueIdentifier>
    </Filter>
    <Filter Include="imgui">
      <UniqueIdentifier>{157cdb8b-eb22-4c5e-97a5-b5bf91773c1b}</UniqueIdentifier>
    </Filter>
    <Filter Include="imgui\imgui_impl_glfw_gl3">
      <UniqueIdentifier>{1a794ebb-c665-4c66-8d92-82aeec8bf2d0}</UniqueIdentifier>
    </Filter>
    <Filter Include="opengl">
      <UniqueIdentifier>{cc0145ba-a886-46b5-84f3-5882a49c665c}</UniqueIdentifier>
    </Filter>
    <Filter Include="opengl\controls">
      <UniqueIdentifier>{1905b056-0e68-4f85-9ed1-ea06603e1ec0}</UniqueIdentifier>
    </Filter>
    <Filter Include="opengl\shader">
      <UniqueIdentifier>{dd86cbb7-16d1-4c9f-a2c0-3cd517c4f97e}</UniqueIdentifier>
    </Filter>
    <Filter Include="opengl\objects">
      <UniqueIdentifier>{dc236e1d-3e91-4c61-a2b2-da1ca4895ada}</UniqueIdentifier>
    </Filter>
  </ItemGroup>
  <ItemGroup>
    <Text Include="ReadMe.txt" />
  </ItemGroup>
  <ItemGroup>
    <ClInclude Include="stdafx.h">
      <Filter>Header Files</Filter>
    </ClInclude>
    <ClInclude Include="targetver.h">
      <Filter>Header Files</Filter>
    </ClInclude>
    <ClInclude Include="OpenGL_SDK\imgui\examples\opengl3_example\imgui_impl_glfw_gl3.h">
      <Filter>imgui\imgui_impl_glfw_gl3</Filter>
    </ClInclude>
    <ClInclude Include="OpenGL_SDK\imgui\imconfig.h">
      <Filter>imgui</Filter>
    </ClInclude>
    <ClInclude Include="OpenGL_SDK\imgui\imgui.h">
      <Filter>imgui</Filter>
    </ClInclude>
    <ClInclude Include="OpenGL_SDK\imgui\imgui_internal.h">
      <Filter>imgui</Filter>
    </ClInclude>
    <ClInclude Include="OpenGL_SDK\include\glad\include\glad\glad.h">
      <Filter>glad</Filter>
    </ClInclude>
    <ClInclude Include="OpenGL\controls\Camera.h">
      <Filter>opengl\controls</Filter>
    </ClInclude>
    <ClInclude Include="OpenGL\shader\Shader.h">
      <Filter>opengl\shader</Filter>
    </ClInclude>
    <ClInclude Include="OpenGL\controls\Model.h">
      <Filter>opengl\controls</Filter>
    </ClInclude>
    <ClInclude Include="OpenGL\objects\Object.h">
      <Filter>opengl\objects</Filter>
    </ClInclude>
    <ClInclude Include="OpenGL\objects\ObjectManager.h">
      <Filter>opengl\objects</Filter>
    </ClInclude>
  </ItemGroup>
  <ItemGroup>
    <ClCompile Include="stdafx.cpp">
      <Filter>Source Files</Filter>
    </ClCompile>
    <ClCompile Include="glfw_glad_shader.cpp">
      <Filter>Source Files</Filter>
    </ClCompile>
    <ClCompile Include="OpenGL_SDK\imgui\examples\opengl3_example\imgui_impl_glfw_gl3.cpp">
      <Filter>imgui\imgui_impl_glfw_gl3</Filter>
    </ClCompile>
    <ClCompile Include="OpenGL_SDK\imgui\imgui.cpp">
      <Filter>imgui</Filter>
    </ClCompile>
    <ClCompile Include="OpenGL_SDK\imgui\imgui_demo.cpp">
      <Filter>imgui</Filter>
    </ClCompile>
    <ClCompile Include="OpenGL_SDK\imgui\imgui_draw.cpp">
      <Filter>imgui</Filter>
    </ClCompile>
    <ClCompile Include="OpenGL_SDK\include\glad\src\glad.c">
      <Filter>glad</Filter>
    </ClCompile>
    <ClCompile Include="OpenGL\controls\Camera.cpp">
      <Filter>opengl\controls</Filter>
    </ClCompile>
    <ClCompile Include="OpenGL\shader\Shader.cpp">
      <Filter>opengl\shader</Filter>
    </ClCompile>
    <ClCompile Include="OpenGL\controls\Model.cpp">
      <Filter>opengl\controls</Filter>
    </ClCompile>
    <ClCompile Include="OpenGL\objects\Object.cpp">
      <Filter>opengl\objects</Filter>
    </ClCompile>
    <ClCompile Include="OpenGL\objects\ObjectManager.cpp">
      <Filter>opengl\objects</Filter>
    </ClCompile>
  </ItemGroup>
  <ItemGroup>
    <None Include="OpenGL\shader\SimpleTransform.vertexshader">
      <Filter>opengl\shader</Filter>
    </None>
    <None Include="OpenGL\shader\SingleColor.fragmentshader">
      <Filter>opengl\shader</Filter>
    </None>
  </ItemGroup>
</Project>